
Microsoft Visual Studio Solution File, Format Version 12.00
# Visual Studio Version 16
VisualStudioVersion = 16.0.32630.194
MinimumVisualStudioVersion = 10.0.40219.1
Project("{FAE04EC0-301F-11D3-BF4B-00C04F79EFBC}") = "YLF.StocksEmulator.Api", "YLF.StocksEmulator.Api\YLF.StocksEmulator.Api.csproj", "{2C41B22A-AF95-4AA3-88D3-E5CA36EF9ABA}"
EndProject
Project("{FAE04EC0-301F-11D3-BF4B-00C04F79EFBC}") = "YLF.StocksEmulator.Repositories", "YLF.StocksEmulator.Repositories\YLF.StocksEmulator.Repositories.csproj", "{4E8ECF89-979C-46DB-9903-FC8A57B6AFB8}"
EndProject
Global
	GlobalSection(SolutionConfigurationPlatforms) = preSolution
		Debug|Any CPU = Debug|Any CPU
		Release|Any CPU = Release|Any CPU
	EndGlobalSection
	GlobalSection(ProjectConfigurationPlatforms) = postSolution
		{2C41B22A-AF95-4AA3-88D3-E5CA36EF9ABA}.Debug|Any CPU.ActiveCfg = Debug|Any CPU
		{2C41B22A-AF95-4AA3-88D3-E5CA36EF9ABA}.Debug|Any CPU.Build.0 = Debug|Any CPU
		{2C41B22A-AF95-4AA3-88D3-E5CA36EF9ABA}.Release|Any CPU.ActiveCfg = Release|Any CPU
		{2C41B22A-AF95-4AA3-88D3-E5CA36EF9ABA}.Release|Any CPU.Build.0 = Release|Any CPU
		{4E8ECF89-979C-46DB-9903-FC8A57B6AFB8}.Debug|Any CPU.ActiveCfg = Debug|Any CPU
		{4E8ECF89-979C-46DB-9903-FC8A57B6AFB8}.Debug|Any CPU.Build.0 = Debug|Any CPU
		{4E8ECF89-979C-46DB-9903-FC8A57B6AFB8}.Release|Any CPU.ActiveCfg = Release|Any CPU
		{4E8ECF89-979C-46DB-9903-FC8A57B6AFB8}.Release|Any CPU.Build.0 = Release|Any CPU
	EndGlobalSection
	GlobalSection(SolutionProperties) = preSolution
		HideSolutionNode = FALSE
	EndGlobalSection
	GlobalSection(ExtensibilityGlobals) = postSolution
		SolutionGuid = {95EB8A04-D46B-45DE-9999-C6912D884E53}
	EndGlobalSection
EndGlobal
